
Microsoft Visual Studio Solution File, Format Version 12.00
# Visual Studio 15
VisualStudioVersion = 15.0.27004.2002
MinimumVisualStudioVersion = 10.0.40219.1
Project("{FAE04EC0-301F-11D3-BF4B-00C04F79EFBC}") = "UniconGS", "UniconGS\UniconGS.csproj", "{AE793305-5ADF-4A4E-BC92-259920680FB0}"
EndProject
Project("{FAE04EC0-301F-11D3-BF4B-00C04F79EFBC}") = "BEMN.Errors", "BEMN.Errors\BEMN.Errors.csproj", "{6A79C449-08B7-4888-961F-E0DD2D04C9AF}"
EndProject
Project("{930C7802-8A8C-48F9-8165-68863BCCD9DD}") = "Setup UC", "Setup UC\Setup UC.wixproj", "{CE6CCBDE-77B7-4FA9-8096-27DDF96C0018}"
EndProject
Project("{9A19103F-16F7-4668-BE54-9A1E7A4F7556}") = "NModbus4", "NModbus4\NModbus4\NModbus4.csproj", "{50D6E7C6-AA5D-41D3-A193-D8F4EB239A0A}"
EndProject
Project("{9A19103F-16F7-4668-BE54-9A1E7A4F7556}") = "NModbus4.Serial", "NModbus4\NModbus4.Serial\NModbus4.Serial.csproj", "{5E0D2B00-9816-49D1-9DF3-880FFB1B5F21}"
EndProject
Project("{FAE04EC0-301F-11D3-BF4B-00C04F79EFBC}") = "Unicon2.Infrastructure", "Unicon2.Infrastructure\Unicon2.Infrastructure.csproj", "{D025EC77-DFD4-444E-8F2C-218A5181C721}"
EndProject
Global
	GlobalSection(SolutionConfigurationPlatforms) = preSolution
		CD_ROM|Any CPU = CD_ROM|Any CPU
		CD_ROM|Mixed Platforms = CD_ROM|Mixed Platforms
		CD_ROM|x86 = CD_ROM|x86
		Debug|Any CPU = Debug|Any CPU
		Debug|Mixed Platforms = Debug|Mixed Platforms
		Debug|x86 = Debug|x86
		DVD-5|Any CPU = DVD-5|Any CPU
		DVD-5|Mixed Platforms = DVD-5|Mixed Platforms
		DVD-5|x86 = DVD-5|x86
		Release|Any CPU = Release|Any CPU
		Release|Mixed Platforms = Release|Mixed Platforms
		Release|x86 = Release|x86
		SingleImage|Any CPU = SingleImage|Any CPU
		SingleImage|Mixed Platforms = SingleImage|Mixed Platforms
		SingleImage|x86 = SingleImage|x86
	EndGlobalSection
	GlobalSection(ProjectConfigurationPlatforms) = postSolution
		{AE793305-5ADF-4A4E-BC92-259920680FB0}.CD_ROM|Any CPU.ActiveCfg = Release|Any CPU
		{AE793305-5ADF-4A4E-BC92-259920680FB0}.CD_ROM|Any CPU.Build.0 = Release|Any CPU
		{AE793305-5ADF-4A4E-BC92-259920680FB0}.CD_ROM|Mixed Platforms.ActiveCfg = Debug|Any CPU
		{AE793305-5ADF-4A4E-BC92-259920680FB0}.CD_ROM|Mixed Platforms.Build.0 = Debug|Any CPU
		{AE793305-5ADF-4A4E-BC92-259920680FB0}.CD_ROM|x86.ActiveCfg = Release|Any CPU
		{AE793305-5ADF-4A4E-BC92-259920680FB0}.Debug|Any CPU.ActiveCfg = Debug|Any CPU
		{AE793305-5ADF-4A4E-BC92-259920680FB0}.Debug|Any CPU.Build.0 = Debug|Any CPU
		{AE793305-5ADF-4A4E-BC92-259920680FB0}.Debug|Mixed Platforms.ActiveCfg = Debug|Any CPU
		{AE793305-5ADF-4A4E-BC92-259920680FB0}.Debug|Mixed Platforms.Build.0 = Debug|Any CPU
		{AE793305-5ADF-4A4E-BC92-259920680FB0}.Debug|x86.ActiveCfg = Debug|Any CPU
		{AE793305-5ADF-4A4E-BC92-259920680FB0}.Debug|x86.Build.0 = Debug|Any CPU
		{AE793305-5ADF-4A4E-BC92-259920680FB0}.DVD-5|Any CPU.ActiveCfg = Debug|Any CPU
		{AE793305-5ADF-4A4E-BC92-259920680FB0}.DVD-5|Any CPU.Build.0 = Debug|Any CPU
		{AE793305-5ADF-4A4E-BC92-259920680FB0}.DVD-5|Mixed Platforms.ActiveCfg = Debug|Any CPU
		{AE793305-5ADF-4A4E-BC92-259920680FB0}.DVD-5|Mixed Platforms.Build.0 = Debug|Any CPU
		{AE793305-5ADF-4A4E-BC92-259920680FB0}.DVD-5|x86.ActiveCfg = Debug|Any CPU
		{AE793305-5ADF-4A4E-BC92-259920680FB0}.Release|Any CPU.ActiveCfg = Release|Any CPU
		{AE793305-5ADF-4A4E-BC92-259920680FB0}.Release|Any CPU.Build.0 = Release|Any CPU
		{AE793305-5ADF-4A4E-BC92-259920680FB0}.Release|Mixed Platforms.ActiveCfg = Release|Any CPU
		{AE793305-5ADF-4A4E-BC92-259920680FB0}.Release|Mixed Platforms.Build.0 = Release|Any CPU
		{AE793305-5ADF-4A4E-BC92-259920680FB0}.Release|x86.ActiveCfg = Release|Any CPU
		{AE793305-5ADF-4A4E-BC92-259920680FB0}.Release|x86.Build.0 = Release|Any CPU
		{AE793305-5ADF-4A4E-BC92-259920680FB0}.SingleImage|Any CPU.ActiveCfg = Release|Any CPU
		{AE793305-5ADF-4A4E-BC92-259920680FB0}.SingleImage|Any CPU.Build.0 = Release|Any CPU
		{AE793305-5ADF-4A4E-BC92-259920680FB0}.SingleImage|Mixed Platforms.ActiveCfg = Debug|Any CPU
		{AE793305-5ADF-4A4E-BC92-259920680FB0}.SingleImage|Mixed Platforms.Build.0 = Debug|Any CPU
		{AE793305-5ADF-4A4E-BC92-259920680FB0}.SingleImage|x86.ActiveCfg = Release|Any CPU
		{6A79C449-08B7-4888-961F-E0DD2D04C9AF}.CD_ROM|Any CPU.ActiveCfg = Release|Any CPU
		{6A79C449-08B7-4888-961F-E0DD2D04C9AF}.CD_ROM|Any CPU.Build.0 = Release|Any CPU
		{6A79C449-08B7-4888-961F-E0DD2D04C9AF}.CD_ROM|Mixed Platforms.ActiveCfg = Debug|Any CPU
		{6A79C449-08B7-4888-961F-E0DD2D04C9AF}.CD_ROM|Mixed Platforms.Build.0 = Debug|Any CPU
		{6A79C449-08B7-4888-961F-E0DD2D04C9AF}.CD_ROM|x86.ActiveCfg = Release|Any CPU
		{6A79C449-08B7-4888-961F-E0DD2D04C9AF}.Debug|Any CPU.ActiveCfg = Debug|Any CPU
		{6A79C449-08B7-4888-961F-E0DD2D04C9AF}.Debug|Any CPU.Build.0 = Debug|Any CPU
		{6A79C449-08B7-4888-961F-E0DD2D04C9AF}.Debug|Mixed Platforms.ActiveCfg = Debug|Any CPU
		{6A79C449-08B7-4888-961F-E0DD2D04C9AF}.Debug|Mixed Platforms.Build.0 = Debug|Any CPU
		{6A79C449-08B7-4888-961F-E0DD2D04C9AF}.Debug|x86.ActiveCfg = Debug|Any CPU
		{6A79C449-08B7-4888-961F-E0DD2D04C9AF}.Debug|x86.Build.0 = Debug|Any CPU
		{6A79C449-08B7-4888-961F-E0DD2D04C9AF}.DVD-5|Any CPU.ActiveCfg = Debug|Any CPU
		{6A79C449-08B7-4888-961F-E0DD2D04C9AF}.DVD-5|Any CPU.Build.0 = Debug|Any CPU
		{6A79C449-08B7-4888-961F-E0DD2D04C9AF}.DVD-5|Mixed Platforms.ActiveCfg = Debug|Any CPU
		{6A79C449-08B7-4888-961F-E0DD2D04C9AF}.DVD-5|Mixed Platforms.Build.0 = Debug|Any CPU
		{6A79C449-08B7-4888-961F-E0DD2D04C9AF}.DVD-5|x86.ActiveCfg = Debug|Any CPU
		{6A79C449-08B7-4888-961F-E0DD2D04C9AF}.Release|Any CPU.ActiveCfg = Release|Any CPU
		{6A79C449-08B7-4888-961F-E0DD2D04C9AF}.Release|Any CPU.Build.0 = Release|Any CPU
		{6A79C449-08B7-4888-961F-E0DD2D04C9AF}.Release|Mixed Platforms.ActiveCfg = Release|Any CPU
		{6A79C449-08B7-4888-961F-E0DD2D04C9AF}.Release|Mixed Platforms.Build.0 = Release|Any CPU
		{6A79C449-08B7-4888-961F-E0DD2D04C9AF}.Release|x86.ActiveCfg = Release|Any CPU
		{6A79C449-08B7-4888-961F-E0DD2D04C9AF}.Release|x86.Build.0 = Release|Any CPU
		{6A79C449-08B7-4888-961F-E0DD2D04C9AF}.SingleImage|Any CPU.ActiveCfg = Release|Any CPU
		{6A79C449-08B7-4888-961F-E0DD2D04C9AF}.SingleImage|Any CPU.Build.0 = Release|Any CPU
		{6A79C449-08B7-4888-961F-E0DD2D04C9AF}.SingleImage|Mixed Platforms.ActiveCfg = Debug|Any CPU
		{6A79C449-08B7-4888-961F-E0DD2D04C9AF}.SingleImage|Mixed Platforms.Build.0 = Debug|Any CPU
		{6A79C449-08B7-4888-961F-E0DD2D04C9AF}.SingleImage|x86.ActiveCfg = Release|Any CPU
		{CE6CCBDE-77B7-4FA9-8096-27DDF96C0018}.CD_ROM|Any CPU.ActiveCfg = Release|x86
		{CE6CCBDE-77B7-4FA9-8096-27DDF96C0018}.CD_ROM|Any CPU.Build.0 = Release|x86
		{CE6CCBDE-77B7-4FA9-8096-27DDF96C0018}.CD_ROM|Mixed Platforms.ActiveCfg = Release|x86
		{CE6CCBDE-77B7-4FA9-8096-27DDF96C0018}.CD_ROM|Mixed Platforms.Build.0 = Release|x86
		{CE6CCBDE-77B7-4FA9-8096-27DDF96C0018}.CD_ROM|x86.ActiveCfg = Release|x86
		{CE6CCBDE-77B7-4FA9-8096-27DDF96C0018}.CD_ROM|x86.Build.0 = Release|x86
		{CE6CCBDE-77B7-4FA9-8096-27DDF96C0018}.Debug|Any CPU.ActiveCfg = Debug|x86
		{CE6CCBDE-77B7-4FA9-8096-27DDF96C0018}.Debug|Any CPU.Build.0 = Debug|x86
		{CE6CCBDE-77B7-4FA9-8096-27DDF96C0018}.Debug|Mixed Platforms.ActiveCfg = Debug|x86
		{CE6CCBDE-77B7-4FA9-8096-27DDF96C0018}.Debug|Mixed Platforms.Build.0 = Debug|x86
		{CE6CCBDE-77B7-4FA9-8096-27DDF96C0018}.Debug|x86.ActiveCfg = Debug|x86
		{CE6CCBDE-77B7-4FA9-8096-27DDF96C0018}.Debug|x86.Build.0 = Debug|x86
		{CE6CCBDE-77B7-4FA9-8096-27DDF96C0018}.DVD-5|Any CPU.ActiveCfg = Release|x86
		{CE6CCBDE-77B7-4FA9-8096-27DDF96C0018}.DVD-5|Any CPU.Build.0 = Release|x86
		{CE6CCBDE-77B7-4FA9-8096-27DDF96C0018}.DVD-5|Mixed Platforms.ActiveCfg = Debug|x86
		{CE6CCBDE-77B7-4FA9-8096-27DDF96C0018}.DVD-5|Mixed Platforms.Build.0 = Debug|x86
		{CE6CCBDE-77B7-4FA9-8096-27DDF96C0018}.DVD-5|x86.ActiveCfg = Debug|x86
		{CE6CCBDE-77B7-4FA9-8096-27DDF96C0018}.DVD-5|x86.Build.0 = Debug|x86
		{CE6CCBDE-77B7-4FA9-8096-27DDF96C0018}.Release|Any CPU.ActiveCfg = Release|x86
		{CE6CCBDE-77B7-4FA9-8096-27DDF96C0018}.Release|Mixed Platforms.ActiveCfg = Release|x86
		{CE6CCBDE-77B7-4FA9-8096-27DDF96C0018}.Release|Mixed Platforms.Build.0 = Release|x86
		{CE6CCBDE-77B7-4FA9-8096-27DDF96C0018}.Release|x86.ActiveCfg = Release|x86
		{CE6CCBDE-77B7-4FA9-8096-27DDF96C0018}.Release|x86.Build.0 = Release|x86
		{CE6CCBDE-77B7-4FA9-8096-27DDF96C0018}.SingleImage|Any CPU.ActiveCfg = Release|x86
		{CE6CCBDE-77B7-4FA9-8096-27DDF96C0018}.SingleImage|Any CPU.Build.0 = Release|x86
		{CE6CCBDE-77B7-4FA9-8096-27DDF96C0018}.SingleImage|Mixed Platforms.ActiveCfg = Release|x86
		{CE6CCBDE-77B7-4FA9-8096-27DDF96C0018}.SingleImage|Mixed Platforms.Build.0 = Release|x86
		{CE6CCBDE-77B7-4FA9-8096-27DDF96C0018}.SingleImage|x86.ActiveCfg = Release|x86
		{CE6CCBDE-77B7-4FA9-8096-27DDF96C0018}.SingleImage|x86.Build.0 = Release|x86
		{50D6E7C6-AA5D-41D3-A193-D8F4EB239A0A}.CD_ROM|Any CPU.ActiveCfg = Release|Any CPU
		{50D6E7C6-AA5D-41D3-A193-D8F4EB239A0A}.CD_ROM|Any CPU.Build.0 = Release|Any CPU
		{50D6E7C6-AA5D-41D3-A193-D8F4EB239A0A}.CD_ROM|Mixed Platforms.ActiveCfg = Release|Any CPU
		{50D6E7C6-AA5D-41D3-A193-D8F4EB239A0A}.CD_ROM|Mixed Platforms.Build.0 = Release|Any CPU
		{50D6E7C6-AA5D-41D3-A193-D8F4EB239A0A}.CD_ROM|x86.ActiveCfg = Release|Any CPU
		{50D6E7C6-AA5D-41D3-A193-D8F4EB239A0A}.CD_ROM|x86.Build.0 = Release|Any CPU
		{50D6E7C6-AA5D-41D3-A193-D8F4EB239A0A}.Debug|Any CPU.ActiveCfg = Debug|Any CPU
		{50D6E7C6-AA5D-41D3-A193-D8F4EB239A0A}.Debug|Any CPU.Build.0 = Debug|Any CPU
		{50D6E7C6-AA5D-41D3-A193-D8F4EB239A0A}.Debug|Mixed Platforms.ActiveCfg = Debug|Any CPU
		{50D6E7C6-AA5D-41D3-A193-D8F4EB239A0A}.Debug|Mixed Platforms.Build.0 = Debug|Any CPU
		{50D6E7C6-AA5D-41D3-A193-D8F4EB239A0A}.Debug|x86.ActiveCfg = Debug|Any CPU
		{50D6E7C6-AA5D-41D3-A193-D8F4EB239A0A}.Debug|x86.Build.0 = Debug|Any CPU
		{50D6E7C6-AA5D-41D3-A193-D8F4EB239A0A}.DVD-5|Any CPU.ActiveCfg = Debug|Any CPU
		{50D6E7C6-AA5D-41D3-A193-D8F4EB239A0A}.DVD-5|Any CPU.Build.0 = Debug|Any CPU
		{50D6E7C6-AA5D-41D3-A193-D8F4EB239A0A}.DVD-5|Mixed Platforms.ActiveCfg = Debug|Any CPU
		{50D6E7C6-AA5D-41D3-A193-D8F4EB239A0A}.DVD-5|Mixed Platforms.Build.0 = Debug|Any CPU
		{50D6E7C6-AA5D-41D3-A193-D8F4EB239A0A}.DVD-5|x86.ActiveCfg = Debug|Any CPU
		{50D6E7C6-AA5D-41D3-A193-D8F4EB239A0A}.DVD-5|x86.Build.0 = Debug|Any CPU
		{50D6E7C6-AA5D-41D3-A193-D8F4EB239A0A}.Release|Any CPU.ActiveCfg = Release|Any CPU
		{50D6E7C6-AA5D-41D3-A193-D8F4EB239A0A}.Release|Any CPU.Build.0 = Release|Any CPU
		{50D6E7C6-AA5D-41D3-A193-D8F4EB239A0A}.Release|Mixed Platforms.ActiveCfg = Release|Any CPU
		{50D6E7C6-AA5D-41D3-A193-D8F4EB239A0A}.Release|Mixed Platforms.Build.0 = Release|Any CPU
		{50D6E7C6-AA5D-41D3-A193-D8F4EB239A0A}.Release|x86.ActiveCfg = Release|Any CPU
		{50D6E7C6-AA5D-41D3-A193-D8F4EB239A0A}.Release|x86.Build.0 = Release|Any CPU
		{50D6E7C6-AA5D-41D3-A193-D8F4EB239A0A}.SingleImage|Any CPU.ActiveCfg = Release|Any CPU
		{50D6E7C6-AA5D-41D3-A193-D8F4EB239A0A}.SingleImage|Any CPU.Build.0 = Release|Any CPU
		{50D6E7C6-AA5D-41D3-A193-D8F4EB239A0A}.SingleImage|Mixed Platforms.ActiveCfg = Release|Any CPU
		{50D6E7C6-AA5D-41D3-A193-D8F4EB239A0A}.SingleImage|Mixed Platforms.Build.0 = Release|Any CPU
		{50D6E7C6-AA5D-41D3-A193-D8F4EB239A0A}.SingleImage|x86.ActiveCfg = Release|Any CPU
		{50D6E7C6-AA5D-41D3-A193-D8F4EB239A0A}.SingleImage|x86.Build.0 = Release|Any CPU
		{5E0D2B00-9816-49D1-9DF3-880FFB1B5F21}.CD_ROM|Any CPU.ActiveCfg = Debug|Any CPU
		{5E0D2B00-9816-49D1-9DF3-880FFB1B5F21}.CD_ROM|Any CPU.Build.0 = Debug|Any CPU
		{5E0D2B00-9816-49D1-9DF3-880FFB1B5F21}.CD_ROM|Mixed Platforms.ActiveCfg = Debug|Any CPU
		{5E0D2B00-9816-49D1-9DF3-880FFB1B5F21}.CD_ROM|Mixed Platforms.Build.0 = Debug|Any CPU
		{5E0D2B00-9816-49D1-9DF3-880FFB1B5F21}.CD_ROM|x86.ActiveCfg = Debug|Any CPU
		{5E0D2B00-9816-49D1-9DF3-880FFB1B5F21}.CD_ROM|x86.Build.0 = Debug|Any CPU
		{5E0D2B00-9816-49D1-9DF3-880FFB1B5F21}.Debug|Any CPU.ActiveCfg = Debug|Any CPU
		{5E0D2B00-9816-49D1-9DF3-880FFB1B5F21}.Debug|Any CPU.Build.0 = Debug|Any CPU
		{5E0D2B00-9816-49D1-9DF3-880FFB1B5F21}.Debug|Mixed Platforms.ActiveCfg = Debug|Any CPU
		{5E0D2B00-9816-49D1-9DF3-880FFB1B5F21}.Debug|Mixed Platforms.Build.0 = Debug|Any CPU
		{5E0D2B00-9816-49D1-9DF3-880FFB1B5F21}.Debug|x86.ActiveCfg = Debug|Any CPU
		{5E0D2B00-9816-49D1-9DF3-880FFB1B5F21}.Debug|x86.Build.0 = Debug|Any CPU
		{5E0D2B00-9816-49D1-9DF3-880FFB1B5F21}.DVD-5|Any CPU.ActiveCfg = Debug|Any CPU
		{5E0D2B00-9816-49D1-9DF3-880FFB1B5F21}.DVD-5|Any CPU.Build.0 = Debug|Any CPU
		{5E0D2B00-9816-49D1-9DF3-880FFB1B5F21}.DVD-5|Mixed Platforms.ActiveCfg = Debug|Any CPU
		{5E0D2B00-9816-49D1-9DF3-880FFB1B5F21}.DVD-5|Mixed Platforms.Build.0 = Debug|Any CPU
		{5E0D2B00-9816-49D1-9DF3-880FFB1B5F21}.DVD-5|x86.ActiveCfg = Debug|Any CPU
		{5E0D2B00-9816-49D1-9DF3-880FFB1B5F21}.DVD-5|x86.Build.0 = Debug|Any CPU
		{5E0D2B00-9816-49D1-9DF3-880FFB1B5F21}.Release|Any CPU.ActiveCfg = Release|Any CPU
		{5E0D2B00-9816-49D1-9DF3-880FFB1B5F21}.Release|Any CPU.Build.0 = Release|Any CPU
		{5E0D2B00-9816-49D1-9DF3-880FFB1B5F21}.Release|Mixed Platforms.ActiveCfg = Release|Any CPU
		{5E0D2B00-9816-49D1-9DF3-880FFB1B5F21}.Release|Mixed Platforms.Build.0 = Release|Any CPU
		{5E0D2B00-9816-49D1-9DF3-880FFB1B5F21}.Release|x86.ActiveCfg = Release|Any CPU
		{5E0D2B00-9816-49D1-9DF3-880FFB1B5F21}.Release|x86.Build.0 = Release|Any CPU
		{5E0D2B00-9816-49D1-9DF3-880FFB1B5F21}.SingleImage|Any CPU.ActiveCfg = Debug|Any CPU
		{5E0D2B00-9816-49D1-9DF3-880FFB1B5F21}.SingleImage|Any CPU.Build.0 = Debug|Any CPU
		{5E0D2B00-9816-49D1-9DF3-880FFB1B5F21}.SingleImage|Mixed Platforms.ActiveCfg = Debug|Any CPU
		{5E0D2B00-9816-49D1-9DF3-880FFB1B5F21}.SingleImage|Mixed Platforms.Build.0 = Debug|Any CPU
		{5E0D2B00-9816-49D1-9DF3-880FFB1B5F21}.SingleImage|x86.ActiveCfg = Debug|Any CPU
		{5E0D2B00-9816-49D1-9DF3-880FFB1B5F21}.SingleImage|x86.Build.0 = Debug|Any CPU
		{D025EC77-DFD4-444E-8F2C-218A5181C721}.CD_ROM|Any CPU.ActiveCfg = Release|Any CPU
		{D025EC77-DFD4-444E-8F2C-218A5181C721}.CD_ROM|Any CPU.Build.0 = Release|Any CPU
		{D025EC77-DFD4-444E-8F2C-218A5181C721}.CD_ROM|Mixed Platforms.ActiveCfg = Release|x86
		{D025EC77-DFD4-444E-8F2C-218A5181C721}.CD_ROM|Mixed Platforms.Build.0 = Release|x86
		{D025EC77-DFD4-444E-8F2C-218A5181C721}.CD_ROM|x86.ActiveCfg = Release|x86
		{D025EC77-DFD4-444E-8F2C-218A5181C721}.CD_ROM|x86.Build.0 = Release|x86
		{D025EC77-DFD4-444E-8F2C-218A5181C721}.Debug|Any CPU.ActiveCfg = Debug|Any CPU
		{D025EC77-DFD4-444E-8F2C-218A5181C721}.Debug|Any CPU.Build.0 = Debug|Any CPU
		{D025EC77-DFD4-444E-8F2C-218A5181C721}.Debug|Mixed Platforms.ActiveCfg = Debug|x86
		{D025EC77-DFD4-444E-8F2C-218A5181C721}.Debug|Mixed Platforms.Build.0 = Debug|x86
		{D025EC77-DFD4-444E-8F2C-218A5181C721}.Debug|x86.ActiveCfg = Debug|x86
		{D025EC77-DFD4-444E-8F2C-218A5181C721}.Debug|x86.Build.0 = Debug|x86
		{D025EC77-DFD4-444E-8F2C-218A5181C721}.DVD-5|Any CPU.ActiveCfg = Debug|Any CPU
		{D025EC77-DFD4-444E-8F2C-218A5181C721}.DVD-5|Any CPU.Build.0 = Debug|Any CPU
		{D025EC77-DFD4-444E-8F2C-218A5181C721}.DVD-5|Mixed Platforms.ActiveCfg = Debug|x86
		{D025EC77-DFD4-444E-8F2C-218A5181C721}.DVD-5|Mixed Platforms.Build.0 = Debug|x86
		{D025EC77-DFD4-444E-8F2C-218A5181C721}.DVD-5|x86.ActiveCfg = Debug|x86
		{D025EC77-DFD4-444E-8F2C-218A5181C721}.DVD-5|x86.Build.0 = Debug|x86
		{D025EC77-DFD4-444E-8F2C-218A5181C721}.Release|Any CPU.ActiveCfg = Release|Any CPU
		{D025EC77-DFD4-444E-8F2C-218A5181C721}.Release|Any CPU.Build.0 = Release|Any CPU
		{D025EC77-DFD4-444E-8F2C-218A5181C721}.Release|Mixed Platforms.ActiveCfg = Release|x86
		{D025EC77-DFD4-444E-8F2C-218A5181C721}.Release|Mixed Platforms.Build.0 = Release|x86
		{D025EC77-DFD4-444E-8F2C-218A5181C721}.Release|x86.ActiveCfg = Release|x86
		{D025EC77-DFD4-444E-8F2C-218A5181C721}.Release|x86.Build.0 = Release|x86
		{D025EC77-DFD4-444E-8F2C-218A5181C721}.SingleImage|Any CPU.ActiveCfg = Release|Any CPU
		{D025EC77-DFD4-444E-8F2C-218A5181C721}.SingleImage|Any CPU.Build.0 = Release|Any CPU
		{D025EC77-DFD4-444E-8F2C-218A5181C721}.SingleImage|Mixed Platforms.ActiveCfg = Release|x86
		{D025EC77-DFD4-444E-8F2C-218A5181C721}.SingleImage|Mixed Platforms.Build.0 = Release|x86
		{D025EC77-DFD4-444E-8F2C-218A5181C721}.SingleImage|x86.ActiveCfg = Release|x86
		{D025EC77-DFD4-444E-8F2C-218A5181C721}.SingleImage|x86.Build.0 = Release|x86
	EndGlobalSection
	GlobalSection(SolutionProperties) = preSolution
		HideSolutionNode = FALSE
	EndGlobalSection
	GlobalSection(ExtensibilityGlobals) = postSolution
		SolutionGuid = {D7EE6FC6-0A22-403C-B015-C3431D7A59D6}
	EndGlobalSection
EndGlobal
